
Microsoft Visual Studio Solution File, Format Version 12.00
# Visual Studio Version 17
VisualStudioVersion = 17.5.33627.172
MinimumVisualStudioVersion = 10.0.40219.1
Project("{FAE04EC0-301F-11D3-BF4B-00C04F79EFBC}") = "booking_room", "booking_room\booking_room.csproj", "{F4A9CE4B-ED75-4788-8938-744ADF6839D6}"
EndProject
Global
	GlobalSection(SolutionConfigurationPlatforms) = preSolution
		Debug|Any CPU = Debug|Any CPU
		Release|Any CPU = Release|Any CPU
	EndGlobalSection
	GlobalSection(ProjectConfigurationPlatforms) = postSolution
		{F4A9CE4B-ED75-4788-8938-744ADF6839D6}.Debug|Any CPU.ActiveCfg = Debug|Any CPU
		{F4A9CE4B-ED75-4788-8938-744ADF6839D6}.Debug|Any CPU.Build.0 = Debug|Any CPU
		{F4A9CE4B-ED75-4788-8938-744ADF6839D6}.Release|Any CPU.ActiveCfg = Release|Any CPU
		{F4A9CE4B-ED75-4788-8938-744ADF6839D6}.Release|Any CPU.Build.0 = Release|Any CPU
	EndGlobalSection
	GlobalSection(SolutionProperties) = preSolution
		HideSolutionNode = FALSE
	EndGlobalSection
	GlobalSection(ExtensibilityGlobals) = postSolution
		SolutionGuid = {F1DBB13E-C691-4D1C-97EF-B494320B9192}
	EndGlobalSection
EndGlobal
